Microsoft Visual Studio Solution File, Format Version 11.00
# Visual Studio 2008

Project("{0B7C86B9-4A8F-7C05-3BDE-45CDC12B5933}") = "Chow Garden", "Assembly-CSharp-firstpass.csproj", "{9528D5B2-5F73-A078-6FC1-9C077BED2CEA}"
EndProject
Project("{0B7C86B9-4A8F-7C05-3BDE-45CDC12B5933}") = "Chow Garden", "Assembly-CSharp.csproj", "{67F6CBA7-DC65-8EE7-75C5-1A8FD310CD76}"
EndProject
Project("{0B7C86B9-4A8F-7C05-3BDE-45CDC12B5933}") = "Chow Garden", "Assembly-CSharp-Editor.csproj", "{4D6FF1BF-40B6-0228-C74E-E5EECB5C8AA7}"
EndProject
Global
	GlobalSection(SolutionConfigurationPlatforms) = preSolution
		Debug|Any CPU = Debug|Any CPU
		Release|Any CPU = Release|Any CPU
	EndGlobalSection
	GlobalSection(ProjectConfigurationPlatforms) = postSolution
		{9528D5B2-5F73-A078-6FC1-9C077BED2CEA}.Debug|Any CPU.ActiveCfg = Debug|Any CPU
		{9528D5B2-5F73-A078-6FC1-9C077BED2CEA}.Debug|Any CPU.Build.0 = Debug|Any CPU
		{9528D5B2-5F73-A078-6FC1-9C077BED2CEA}.Release|Any CPU.ActiveCfg = Release|Any CPU
		{9528D5B2-5F73-A078-6FC1-9C077BED2CEA}.Release|Any CPU.Build.0 = Release|Any CPU
		{67F6CBA7-DC65-8EE7-75C5-1A8FD310CD76}.Debug|Any CPU.ActiveCfg = Debug|Any CPU
		{67F6CBA7-DC65-8EE7-75C5-1A8FD310CD76}.Debug|Any CPU.Build.0 = Debug|Any CPU
		{67F6CBA7-DC65-8EE7-75C5-1A8FD310CD76}.Release|Any CPU.ActiveCfg = Release|Any CPU
		{67F6CBA7-DC65-8EE7-75C5-1A8FD310CD76}.Release|Any CPU.Build.0 = Release|Any CPU
		{4D6FF1BF-40B6-0228-C74E-E5EECB5C8AA7}.Debug|Any CPU.ActiveCfg = Debug|Any CPU
		{4D6FF1BF-40B6-0228-C74E-E5EECB5C8AA7}.Debug|Any CPU.Build.0 = Debug|Any CPU
		{4D6FF1BF-40B6-0228-C74E-E5EECB5C8AA7}.Release|Any CPU.ActiveCfg = Release|Any CPU
		{4D6FF1BF-40B6-0228-C74E-E5EECB5C8AA7}.Release|Any CPU.Build.0 = Release|Any CPU
	EndGlobalSection
	GlobalSection(SolutionProperties) = preSolution
		HideSolutionNode = FALSE
	EndGlobalSection
	GlobalSection(MonoDevelopProperties) = preSolution
		StartupItem = Assembly-CSharp.csproj
		Policies = $0
		$0.TextStylePolicy = $1
		$1.inheritsSet = null
		$1.scope = text/x-csharp
		$0.CSharpFormattingPolicy = $2
		$2.inheritsSet = Mono
		$2.inheritsScope = text/x-csharp
		$2.scope = text/x-csharp
		$0.TextStylePolicy = $3
		$3.FileWidth = 120
		$3.TabWidth = 4
		$3.IndentWidth = 4
		$3.EolMarker = Unix
		$3.inheritsSet = Mono
		$3.inheritsScope = text/plain
		$3.scope = text/plain
	EndGlobalSection
EndGlobal
